PODS:
  - DZNEmptyDataSet (1.8.1)
  - flutter_app_module (0.0.3)
  - HandyJSON (5.0.0-beta.1)
  - Log (2.0)
  - MJRefresh (3.3.1)
  - SnapKit (5.0.1)
  - SwiftyBeaver (1.8.4)

DEPENDENCIES:
  - DZNEmptyDataSet
  - flutter_app_module (from `./flutterFrameworks`)
  - HandyJSON (from `https://github.com/alibaba/HandyJSON.git`, branch `dev_for_swift5.0`)
  - Log
  - MJRefresh
  - SnapKit
  - SwiftyBeaver

SPEC REPOS:
  trunk:
    - DZNEmptyDataSet
    - Log
    - MJRefresh
    - SnapKit
    - SwiftyBeaver

EXTERNAL SOURCES:
  flutter_app_module:
    :path: "./flutterFrameworks"
  HandyJSON:
    :branch: dev_for_swift5.0
    :git: https://github.com/alibaba/HandyJSON.git

CHECKOUT OPTIONS:
  HandyJSON:
    :commit: a2ba4e537711ae1fcd9183679c4db878eb171a78
    :git: https://github.com/alibaba/HandyJSON.git

SPEC CHECKSUMS:
  DZNEmptyDataSet: 9525833b9e68ac21c30253e1d3d7076cc828eaa7
  flutter_app_module: 91e496cd573afc8cbf0a0112afa55745a5f8ed5b
  HandyJSON: 582477127ab3ab65bd2e471815f1a7b846856978
  Log: 73fab10e8b88f15cef5f322b12c9be87cf19ee6e
  MJRefresh: eeda70fbf0ad277f3178cef1cd0c3532591d6237
  SnapKit: 97b92857e3df3a0c71833cce143274bf6ef8e5eb
  SwiftyBeaver: f9a9aba96a6a6166e21682377804d728b0d20b95

PODFILE CHECKSUM: 958f6bb9e46227b3172fbcb4b389e8938ef3ef88

COCOAPODS: 1.8.4
